<?xml version="1.0" encoding="utf-8"?>
<Project ToolsVersion="4.0" xmlns="http://schemas.microsoft.com/developer/msbuild/2003">
  <ItemGroup>
    <Filter Include="Source Files">
      <UniqueIdentifier>{4FC737F1-C7A5-4376-A066-2A32D752A2FF}</UniqueIdentifier>
      <Extensions>cpp;c;cc;cxx;c++;cppm;ixx;def;odl;idl;hpj;bat;asm;asmx</Extensions>
    </Filter>
    <Filter Include="Header Files">
      <UniqueIdentifier>{93995380-89BD-4b04-88EB-625FBE52EBFB}</UniqueIdentifier>
      <Extensions>h;hh;hpp;hxx;h++;hm;inl;inc;ipp;xsd</Extensions>
    </Filter>
    <Filter Include="Resource Files">
      <UniqueIdentifier>{67DA6AB6-F800-4c08-8B7A-83BB121AAD01}</UniqueIdentifier>
      <Extensions>rc;ico;cur;bmp;dlg;rc2;rct;bin;rgs;gif;jpg;jpeg;jpe;resx;tiff;tif;png;wav;mfcribbon-ms</Extensions>
    </Filter>
    <Filter Include="Header Files\sqlite-amalgamation-3400000">
      <UniqueIdentifier>{153e1e79-6e6d-4fa6-9546-6cd13db560b4}</UniqueIdentifier>
    </Filter>
    <Filter Include="Source Files\sqlite-amalgamation-3400000">
      <UniqueIdentifier>{af990fa1-7720-46d1-ae75-bf69775f3bba}</UniqueIdentifier>
    </Filter>
  </ItemGroup>
  <ItemGroup>
    <ClCompile Include="Forta_SQLBackupToFTPserver.cpp">
      <Filter>Source Files</Filter>
    </ClCompile>
    <ClCompile Include="Socket.cpp">
      <Filter>Source Files</Filter>
    </ClCompile>
    <ClCompile Include="CLIApplication.cpp">
      <Filter>Source Files</Filter>
    </ClCompile>
    <ClCompile Include="sqlite-amalgamation-3400000\sqlite3.c">
      <Filter>Source Files\sqlite-amalgamation-3400000</Filter>
    </ClCompile>
    <ClCompile Include="SQLiteDatabase.cpp">
      <Filter>Source Files</Filter>
    </ClCompile>
    <ClCompile Include="CLIArguments.cpp">
      <Filter>Source Files</Filter>
    </ClCompile>
  </ItemGroup>
  <ItemGroup>
    <ClInclude Include="FTPClient.h">
      <Filter>Header Files</Filter>
    </ClInclude>
    <ClInclude Include="Socket.h">
      <Filter>Header Files</Filter>
    </ClInclude>
    <ClInclude Include="AbstractSocket.h">
      <Filter>Header Files</Filter>
    </ClInclude>
    <ClInclude Include="CLIApplication.h">
      <Filter>Header Files</Filter>
    </ClInclude>
    <ClInclude Include="sqlite-amalgamation-3400000\sqlite3.h">
      <Filter>Header Files\sqlite-amalgamation-3400000</Filter>
    </ClInclude>
    <ClInclude Include="SQLiteDatabase.h">
      <Filter>Header Files</Filter>
    </ClInclude>
    <ClInclude Include="CLIArguments.h">
      <Filter>Header Files</Filter>
    </ClInclude>
  </ItemGroup>
</Project>